schema: '2.0'
stages:
  load_data:
    cmd: python src/load_data.py --config=params.yaml
    deps:
    - path: data_given/winequality.csv
      md5: ccc8d3507eb151f53f760d36abdef888
      size: 91998
    - path: src/get_data.py
      md5: d167a9febc767a462e808369c4387940
      size: 605
    - path: src/load_data.py
      md5: fed7e38114b80d02c5d6bedafb8ca627
      size: 657
    outs:
    - path: data/raw/winequality.csv
      md5: d98e8f2eca228c11c4de1cc96866a54d
      size: 91998
  split_data:
    cmd: python src/split_data.py --config=params.yaml
    deps:
    - path: data/raw/winequality.csv
      md5: d98e8f2eca228c11c4de1cc96866a54d
      size: 91998
    - path: src/split_data.py
      md5: 78052bc301509e80560b0073f7a3a997
      size: 1018
    outs:
    - path: data/processed/test_winequality.csv
      md5: 01718da3bd6e206060ed00667ca1a389
      size: 18510
    - path: data/processed/train_winequality.csv
      md5: 4bccf4d668cdc60115de42ba74d416ab
      size: 73633
  train_and_evaluate:
    cmd: python src/train_and_evaluate.py --config=params.yaml
    deps:
    - path: data/processed/test_winequality.csv
      md5: 01718da3bd6e206060ed00667ca1a389
      size: 18510
    - path: data/processed/train_winequality.csv
      md5: 4bccf4d668cdc60115de42ba74d416ab
      size: 73633
    - path: src/train_and_evaluate.py
      md5: f3e45744a3cfc48126568ec10e7c8947
      size: 2487
    params:
      params.yaml:
        estimator.ElasticNet.params.alpha: 0.9
        estimator.ElasticNet.params.l1_ratio: 0.6
    outs:
    - path: report/params.json
      md5: 4799ddd27561e36f8a04409f07b35bc1
      size: 41
    - path: report/scores.json
      md5: 9e4f98c629de4970e1fceb352f6fd96b
      size: 97
    - path: saved_models/model.joblib
      md5: f286947ff86a7c42cac562ea2b68aef6
      size: 818
